Microsoft Visual Studio Solution File, Format Version 12.00
# Visual Studio Version 17
VisualStudioVersion = 17.5.2.0
MinimumVisualStudioVersion = 10.0.40219.1
Project("{FAE04EC0-301F-11D3-BF4B-00C04F79EFBC}") = "Leave-tracker", "Leave-tracker.csproj", "{F1E30538-080F-C49C-7F58-3DB06E42575D}"
EndProject
Global
	GlobalSection(SolutionConfigurationPlatforms) = preSolution
		Debug|Any CPU = Debug|Any CPU
		Release|Any CPU = Release|Any CPU
	EndGlobalSection
	GlobalSection(ProjectConfigurationPlatforms) = postSolution
		{F1E30538-080F-C49C-7F58-3DB06E42575D}.Debug|Any CPU.ActiveCfg = Debug|Any CPU
		{F1E30538-080F-C49C-7F58-3DB06E42575D}.Debug|Any CPU.Build.0 = Debug|Any CPU
		{F1E30538-080F-C49C-7F58-3DB06E42575D}.Release|Any CPU.ActiveCfg = Release|Any CPU
		{F1E30538-080F-C49C-7F58-3DB06E42575D}.Release|Any CPU.Build.0 = Release|Any CPU
	EndGlobalSection
	GlobalSection(SolutionProperties) = preSolution
		HideSolutionNode = FALSE
	EndGlobalSection
	GlobalSection(ExtensibilityGlobals) = postSolution
		SolutionGuid = {258149BE-9A0A-4DF6-9D98-7B95204CFBAD}
	EndGlobalSection
EndGlobal
